
Microsoft Visual Studio Solution File, Format Version 12.00
Project("{FAE04EC0-301F-11D3-BF4B-00C04F79EFBC}") = "ClientPlugin", "ClientPlugin\ClientPlugin.csproj", "{C3F2A571-B9F4-4C7B-99F3-0D881554E27C}"
EndProject
Project("{FAE04EC0-301F-11D3-BF4B-00C04F79EFBC}") = "ServerPlugin", "ServerPlugin\ServerPlugin.csproj", "{D07A42F9-DC17-41D8-96D6-9592FD3097A7}"
EndProject
Project("{D954291E-2A0B-460D-934E-DC6B0785DB48}") = "Shared", "Shared\Shared.shproj", "{410F0112-E7E5-40BC-94E6-392E4A0622BA}"
EndProject
Project("{2150E333-8FDC-42A3-9474-1A3956D46DE8}") = "Solution Items", "Solution Items", "{75919FCB-E258-4690-ABD5-44597B3D9D65}"
	ProjectSection(SolutionItems) = preProject
		.gitignore = .gitignore
		README.md = README.md
		AGENTS.md = AGENTS.md
		BandwidthClient.xml = BandwidthClient.xml
		BandwidthServer.xml = BandwidthServer.xml
		LICENSE = LICENSE
		Version.Build.props = Version.Build.props
	EndProjectSection
EndProject
Global
	GlobalSection(SolutionConfigurationPlatforms) = preSolution
		Debug|Any CPU = Debug|Any CPU
		Release|Any CPU = Release|Any CPU
	EndGlobalSection
	GlobalSection(ProjectConfigurationPlatforms) = postSolution
		{C3F2A571-B9F4-4C7B-99F3-0D881554E27C}.Debug|Any CPU.ActiveCfg = Debug|Any CPU
		{C3F2A571-B9F4-4C7B-99F3-0D881554E27C}.Debug|Any CPU.Build.0 = Debug|Any CPU
		{C3F2A571-B9F4-4C7B-99F3-0D881554E27C}.Release|Any CPU.ActiveCfg = Release|Any CPU
		{C3F2A571-B9F4-4C7B-99F3-0D881554E27C}.Release|Any CPU.Build.0 = Release|Any CPU
		{C3F2A571-B9F4-4C7B-99F3-0D881554E27C}.Debug|Any CPU.Deploy.0 = Debug|Any CPU
		{C3F2A571-B9F4-4C7B-99F3-0D881554E27C}.Release|Any CPU.Deploy.0 = Release|Any CPU
		{D07A42F9-DC17-41D8-96D6-9592FD3097A7}.Debug|Any CPU.ActiveCfg = Debug|Any CPU
		{D07A42F9-DC17-41D8-96D6-9592FD3097A7}.Debug|Any CPU.Build.0 = Debug|Any CPU
		{D07A42F9-DC17-41D8-96D6-9592FD3097A7}.Release|Any CPU.ActiveCfg = Release|Any CPU
		{D07A42F9-DC17-41D8-96D6-9592FD3097A7}.Release|Any CPU.Build.0 = Release|Any CPU
		{D07A42F9-DC17-41D8-96D6-9592FD3097A7}.Debug|Any CPU.Deploy.0 = Debug|Any CPU
		{D07A42F9-DC17-41D8-96D6-9592FD3097A7}.Release|Any CPU.Deploy.0 = Release|Any CPU
	EndGlobalSection
EndGlobal
